// !$*UTF8*$!
{
	archiveVersion = 1;
	classes = {
	};
	objectVersion = 46;
	objects = {

/* Begin PBXBuildFile section */
		5402857B1F295E7E000DBE0E /* Level_8.sks in Resources */ = {isa = PBXBuildFile; fileRef = 5402857A1F295E7E000DBE0E /* Level_8.sks */; };
		5402857D1F2A7E26000DBE0E /* Level_11.sks in Resources */ = {isa = PBXBuildFile; fileRef = 5402857C1F2A7E26000DBE0E /* Level_11.sks */; };
		5409A9E31F280788005E613A /* WatchAddDialog.sks in Resources */ = {isa = PBXBuildFile; fileRef = 5409A9E21F280788005E613A /* WatchAddDialog.sks */; };
		5413837F1F10333B005D982C /* Level.swift in Sources */ = {isa = PBXBuildFile; fileRef = 5413837E1F10333B005D982C /* Level.swift */; };
		541383811F103919005D982C /* Levels.sks in Resources */ = {isa = PBXBuildFile; fileRef = 541383801F103919005D982C /* Levels.sks */; };
		541383831F103A4B005D982C /* MainMenu.swift in Sources */ = {isa = PBXBuildFile; fileRef = 541383821F103A4B005D982C /* MainMenu.swift */; };
		542344951F16CD7800AD1B08 /* TimerModel.swift in Sources */ = {isa = PBXBuildFile; fileRef = 542344941F16CD7800AD1B08 /* TimerModel.swift */; };
		5423459B1F1FFD6800E5FE37 /* Level_6.sks in Resources */ = {isa = PBXBuildFile; fileRef = 5423459A1F1FFD6800E5FE37 /* Level_6.sks */; };
		543577EF1F269A8600B7D952 /* blitzkrieg-nf.regular.ttf in Resources */ = {isa = PBXBuildFile; fileRef = 543577E51F2698B500B7D952 /* blitzkrieg-nf.regular.ttf */; };
		5453C5D01F1D37BB00EB0345 /* UIKit.framework in Frameworks */ = {isa = PBXBuildFile; fileRef = 5453C5CF1F1D37BB00EB0345 /* UIKit.framework */; };
		5453C5D21F1D37C600EB0345 /* CoreGraphics.framework in Frameworks */ = {isa = PBXBuildFile; fileRef = 5453C5D11F1D37C600EB0345 /* CoreGraphics.framework */; };
		5453C5D41F1D37D300EB0345 /* Foundation.framework in Frameworks */ = {isa = PBXBuildFile; fileRef = 5453C5D31F1D37D300EB0345 /* Foundation.framework */; };
		5453C5D61F1D37E800EB0345 /* StoreKit.framework in Frameworks */ = {isa = PBXBuildFile; fileRef = 5453C5D51F1D37E800EB0345 /* StoreKit.framework */; };
		5453C5D81F1D37F800EB0345 /* GameplayKit.framework in Frameworks */ = {isa = PBXBuildFile; fileRef = 5453C5D71F1D37F800EB0345 /* GameplayKit.framework */; };
		546868DD1F0AAC6F00565334 /* Exit.sks in Resources */ = {isa = PBXBuildFile; fileRef = 546868DC1F0AAC6F00565334 /* Exit.sks */; };
		546868DF1F0D49E000565334 /* Circle.sks in Resources */ = {isa = PBXBuildFile; fileRef = 546868DE1F0D49E000565334 /* Circle.sks */; };
		546868E31F0D864600565334 /* EndDialog.sks in Resources */ = {isa = PBXBuildFile; fileRef = 546868E21F0D864600565334 /* EndDialog.sks */; };
		546ABD311F06C820002F69A7 /* AppDelegate.swift in Sources */ = {isa = PBXBuildFile; fileRef = 546ABD301F06C820002F69A7 /* AppDelegate.swift */; };
		546ABD331F06C820002F69A7 /* Level_0.sks in Resources */ = {isa = PBXBuildFile; fileRef = 546ABD321F06C820002F69A7 /* Level_0.sks */; };
		546ABD371F06C820002F69A7 /* GameScene.swift in Sources */ = {isa = PBXBuildFile; fileRef = 546ABD361F06C820002F69A7 /* GameScene.swift */; };
		546ABD391F06C820002F69A7 /* GameViewController.swift in Sources */ = {isa = PBXBuildFile; fileRef = 546ABD381F06C820002F69A7 /* GameViewController.swift */; };
		546ABD3C1F06C820002F69A7 /* Main.storyboard in Resources */ = {isa = PBXBuildFile; fileRef = 546ABD3A1F06C820002F69A7 /* Main.storyboard */; };
		546ABD3E1F06C820002F69A7 /* Assets.xcassets in Resources */ = {isa = PBXBuildFile; fileRef = 546ABD3D1F06C820002F69A7 /* Assets.xcassets */; };
		546ABD411F06C820002F69A7 /* LaunchScreen.storyboard in Resources */ = {isa = PBXBuildFile; fileRef = 546ABD3F1F06C820002F69A7 /* LaunchScreen.storyboard */; };
		546ABD4B1F06C8FE002F69A7 /* Assets.xcassets in Resources */ = {isa = PBXBuildFile; fileRef = 546ABD491F06C8FE002F69A7 /* Assets.xcassets */; };
		546AD13C1F0DAEC800C33600 /* Star.sks in Resources */ = {isa = PBXBuildFile; fileRef = 546AD13B1F0DAEC800C33600 /* Star.sks */; };
		546AD1401F0E998200C33600 /* Obstacle.sks in Resources */ = {isa = PBXBuildFile; fileRef = 546AD13F1F0E998200C33600 /* Obstacle.sks */; };
		546AD1421F0EA5B600C33600 /* Level_2.sks in Resources */ = {isa = PBXBuildFile; fileRef = 546AD1411F0EA5B600C33600 /* Level_2.sks */; };
		546AD1441F0EA69F00C33600 /* Key.sks in Resources */ = {isa = PBXBuildFile; fileRef = 546AD1431F0EA69F00C33600 /* Key.sks */; };
		547D629D1F0FF9A9001CECE1 /* Level_1.sks in Resources */ = {isa = PBXBuildFile; fileRef = 547D629C1F0FF9A9001CECE1 /* Level_1.sks */; };
		547D629F1F10287C001CECE1 /* MainMenu.sks in Resources */ = {isa = PBXBuildFile; fileRef = 547D629E1F10287C001CECE1 /* MainMenu.sks */; };
		547DA3511F2A885F00F1178C /* Level_9.sks in Resources */ = {isa = PBXBuildFile; fileRef = 547DA3501F2A885F00F1178C /* Level_9.sks */; };
		547DA3531F2A898900F1178C /* Level_10.sks in Resources */ = {isa = PBXBuildFile; fileRef = 547DA3521F2A898900F1178C /* Level_10.sks */; };
		547DA3551F2AAA6A00F1178C /* Level_7.sks in Resources */ = {isa = PBXBuildFile; fileRef = 547DA3541F2AAA6A00F1178C /* Level_7.sks */; };
		548292811F4161DA00857006 /* Tutorial.sks in Resources */ = {isa = PBXBuildFile; fileRef = 548292801F4161DA00857006 /* Tutorial.sks */; };
		5488B6851F2BB5B1009550F5 /* GoogleService-Info.plist in Resources */ = {isa = PBXBuildFile; fileRef = 5488B6841F2BB5B1009550F5 /* GoogleService-Info.plist */; };
		5488B68B1F2BB7DC009550F5 /* Chartboost.framework in Frameworks */ = {isa = PBXBuildFile; fileRef = 5488B68A1F2BB7DC009550F5 /* Chartboost.framework */; };
		548906631F071FE8002E6E47 /* MSButtonNode.swift in Sources */ = {isa = PBXBuildFile; fileRef = 548906621F071FE8002E6E47 /* MSButtonNode.swift */; };
		549502FD1F3EBCD100702DD9 /* IAPHelper.swift in Sources */ = {isa = PBXBuildFile; fileRef = 549502FC1F3EBCD100702DD9 /* IAPHelper.swift */; };
		549502FF1F3EBD0200702DD9 /* IAPProducts.swift in Sources */ = {isa = PBXBuildFile; fileRef = 549502FE1F3EBD0200702DD9 /* IAPProducts.swift */; };
		549B46D11F103FEF001953FF /* Levels.swift in Sources */ = {isa = PBXBuildFile; fileRef = 549B46D01F103FEF001953FF /* Levels.swift */; };
		54A599C41F1E6E5B003C099F /* PauseDialog.sks in Resources */ = {isa = PBXBuildFile; fileRef = 54A599C31F1E6E5B003C099F /* PauseDialog.sks */; };
		54A599C61F1E85FA003C099F /* Level_3.sks in Resources */ = {isa = PBXBuildFile; fileRef = 54A599C51F1E85FA003C099F /* Level_3.sks */; };
		54A599C81F1E89D8003C099F /* Level_4.sks in Resources */ = {isa = PBXBuildFile; fileRef = 54A599C71F1E89D8003C099F /* Level_4.sks */; };
		54A599CA1F1EC219003C099F /* Level_5.sks in Resources */ = {isa = PBXBuildFile; fileRef = 54A599C91F1EC219003C099F /* Level_5.sks */; };
		54D499DA1F31AED10088888E /* PlayerTrail.sks in Resources */ = {isa = PBXBuildFile; fileRef = 54D499D91F31AED10088888E /* PlayerTrail.sks */; };
		98C922CDCFCD6293EAE41313 /* Pods_Math_Tetris.framework in Frameworks */ = {isa = PBXBuildFile; fileRef = D9481F5B6064090340F373C4 /* Pods_Math_Tetris.framework */; };
/* End PBXBuildFile section */

/* Begin PBXFileReference section */
		3B788776B714121B49E2F33C /* Pods-Math Tetris.release.xcconfig */ = {isa = PBXFileReference; includeInIndex = 1; lastKnownFileType = text.xcconfig; name = "Pods-Math Tetris.release.xcconfig"; path = "Pods/Target Support Files/Pods-Math Tetris/Pods-Math Tetris.release.xcconfig"; sourceTree = "<group>"; };
		42CC53E84065CACF106EAF2C /* Pods-Math Tetris.debug.xcconfig */ = {isa = PBXFileReference; includeInIndex = 1; lastKnownFileType = text.xcconfig; name = "Pods-Math Tetris.debug.xcconfig"; path = "Pods/Target Support Files/Pods-Math Tetris/Pods-Math Tetris.debug.xcconfig"; sourceTree = "<group>"; };
		5402857A1F295E7E000DBE0E /* Level_8.sks */ = {isa = PBXFileReference; lastKnownFileType = file.sks; path = Level_8.sks; sourceTree = "<group>"; };
		5402857C1F2A7E26000DBE0E /* Level_11.sks */ = {isa = PBXFileReference; lastKnownFileType = file.sks; path = Level_11.sks; sourceTree = "<group>"; };
		5409A9E21F280788005E613A /* WatchAddDialog.sks */ = {isa = PBXFileReference; lastKnownFileType = file.sks; path = WatchAddDialog.sks; sourceTree = "<group>"; };
		5413837E1F10333B005D982C /* Level.swift */ = {isa = PBXFileReference; fileEncoding = 4; lastKnownFileType = sourcecode.swift; path = Level.swift; sourceTree = "<group>"; };
		541383801F103919005D982C /* Levels.sks */ = {isa = PBXFileReference; lastKnownFileType = file.sks; path = Levels.sks; sourceTree = "<group>"; };
		541383821F103A4B005D982C /* MainMenu.swift */ = {isa = PBXFileReference; fileEncoding = 4; lastKnownFileType = sourcecode.swift; path = MainMenu.swift; sourceTree = "<group>"; };
		542344941F16CD7800AD1B08 /* TimerModel.swift */ = {isa = PBXFileReference; fileEncoding = 4; lastKnownFileType = sourcecode.swift; path = TimerModel.swift; sourceTree = "<group>"; };
		5423459A1F1FFD6800E5FE37 /* Level_6.sks */ = {isa = PBXFileReference; lastKnownFileType = file.sks; path = Level_6.sks; sourceTree = "<group>"; };
		543577E51F2698B500B7D952 /* blitzkrieg-nf.regular.ttf */ = {isa = PBXFileReference; lastKnownFileType = file; path = "blitzkrieg-nf.regular.ttf"; sourceTree = "<group>"; };
		5453C5CF1F1D37BB00EB0345 /* UIKit.framework */ = {isa = PBXFileReference; lastKnownFileType = wrapper.framework; name = UIKit.framework; path = System/Library/Frameworks/UIKit.framework; sourceTree = SDKROOT; };
		5453C5D11F1D37C600EB0345 /* CoreGraphics.framework */ = {isa = PBXFileReference; lastKnownFileType = wrapper.framework; name = CoreGraphics.framework; path = System/Library/Frameworks/CoreGraphics.framework; sourceTree = SDKROOT; };
		5453C5D31F1D37D300EB0345 /* Foundation.framework */ = {isa = PBXFileReference; lastKnownFileType = wrapper.framework; name = Foundation.framework; path = System/Library/Frameworks/Foundation.framework; sourceTree = SDKROOT; };
		5453C5D51F1D37E800EB0345 /* StoreKit.framework */ = {isa = PBXFileReference; lastKnownFileType = wrapper.framework; name = StoreKit.framework; path = System/Library/Frameworks/StoreKit.framework; sourceTree = SDKROOT; };
		5453C5D71F1D37F800EB0345 /* GameplayKit.framework */ = {isa = PBXFileReference; lastKnownFileType = wrapper.framework; name = GameplayKit.framework; path = System/Library/Frameworks/GameplayKit.framework; sourceTree = SDKROOT; };
		5453C5DA1F1D3E7A00EB0345 /* Math_Tetris-Bridging-Header.h */ = {isa = PBXFileReference; lastKnownFileType = sourcecode.c.h; path = "Math_Tetris-Bridging-Header.h"; sourceTree = SOURCE_ROOT; };
		546868DC1F0AAC6F00565334 /* Exit.sks */ = {isa = PBXFileReference; lastKnownFileType = file.sks; path = Exit.sks; sourceTree = "<group>"; };
		546868DE1F0D49E000565334 /* Circle.sks */ = {isa = PBXFileReference; lastKnownFileType = file.sks; path = Circle.sks; sourceTree = "<group>"; };
		546868E21F0D864600565334 /* EndDialog.sks */ = {isa = PBXFileReference; lastKnownFileType = file.sks; path = EndDialog.sks; sourceTree = "<group>"; };
		546ABD2D1F06C820002F69A7 /* Math Tetris.app */ = {isa = PBXFileReference; explicitFileType = wrapper.application; includeInIndex = 0; path = "Math Tetris.app"; sourceTree = BUILT_PRODUCTS_DIR; };
		546ABD301F06C820002F69A7 /* AppDelegate.swift */ = {isa = PBXFileReference; lastKnownFileType = sourcecode.swift; path = AppDelegate.swift; sourceTree = "<group>"; };
		546ABD321F06C820002F69A7 /* Level_0.sks */ = {isa = PBXFileReference; lastKnownFileType = file.sks; path = Level_0.sks; sourceTree = "<group>"; };
		546ABD361F06C820002F69A7 /* GameScene.swift */ = {isa = PBXFileReference; lastKnownFileType = sourcecode.swift; path = GameScene.swift; sourceTree = "<group>"; };
		546ABD381F06C820002F69A7 /* GameViewController.swift */ = {isa = PBXFileReference; lastKnownFileType = sourcecode.swift; path = GameViewController.swift; sourceTree = "<group>"; };
		546ABD3B1F06C820002F69A7 /* Base */ = {isa = PBXFileReference; lastKnownFileType = file.storyboard; name = Base; path = Base.lproj/Main.storyboard; sourceTree = "<group>"; };
		546ABD3D1F06C820002F69A7 /* Assets.xcassets */ = {isa = PBXFileReference; lastKnownFileType = folder.assetcatalog; path = Assets.xcassets; sourceTree = "<group>"; };
		546ABD401F06C820002F69A7 /* Base */ = {isa = PBXFileReference; lastKnownFileType = file.storyboard; name = Base; path = Base.lproj/LaunchScreen.storyboard; sourceTree = "<group>"; };
		546ABD421F06C820002F69A7 /* Info.plist */ = {isa = PBXFileReference; lastKnownFileType = text.plist.xml; path = Info.plist; sourceTree = "<group>"; };
		546ABD491F06C8FE002F69A7 /* Assets.xcassets */ = {isa = PBXFileReference; lastKnownFileType = folder.assetcatalog; path = Assets.xcassets; sourceTree = "<group>"; };
		546AD13B1F0DAEC800C33600 /* Star.sks */ = {isa = PBXFileReference; lastKnownFileType = file.sks; path = Star.sks; sourceTree = "<group>"; };
		546AD13F1F0E998200C33600 /* Obstacle.sks */ = {isa = PBXFileReference; lastKnownFileType = file.sks; path = Obstacle.sks; sourceTree = "<group>"; };
		546AD1411F0EA5B600C33600 /* Level_2.sks */ = {isa = PBXFileReference; lastKnownFileType = file.sks; path = Level_2.sks; sourceTree = "<group>"; };
		546AD1431F0EA69F00C33600 /* Key.sks */ = {isa = PBXFileReference; lastKnownFileType = file.sks; path = Key.sks; sourceTree = "<group>"; };
		547D629C1F0FF9A9001CECE1 /* Level_1.sks */ = {isa = PBXFileReference; lastKnownFileType = file.sks; path = Level_1.sks; sourceTree = "<group>"; };
		547D629E1F10287C001CECE1 /* MainMenu.sks */ = {isa = PBXFileReference; lastKnownFileType = file.sks; path = MainMenu.sks; sourceTree = "<group>"; };
		547DA3501F2A885F00F1178C /* Level_9.sks */ = {isa = PBXFileReference; lastKnownFileType = file.sks; path = Level_9.sks; sourceTree = "<group>"; };
		547DA3521F2A898900F1178C /* Level_10.sks */ = {isa = PBXFileReference; lastKnownFileType = file.sks; path = Level_10.sks; sourceTree = "<group>"; };
		547DA3541F2AAA6A00F1178C /* Level_7.sks */ = {isa = PBXFileReference; lastKnownFileType = file.sks; path = Level_7.sks; sourceTree = "<group>"; };
		548292801F4161DA00857006 /* Tutorial.sks */ = {isa = PBXFileReference; lastKnownFileType = file.sks; path = Tutorial.sks; sourceTree = "<group>"; };
		5488B6841F2BB5B1009550F5 /* GoogleService-Info.plist */ = {isa = PBXFileReference; fileEncoding = 4; lastKnownFileType = text.plist.xml; name = "GoogleService-Info.plist"; path = "Math Tetris/GoogleService-Info.plist"; sourceTree = "<group>"; };
		5488B68A1F2BB7DC009550F5 /* Chartboost.framework */ = {isa = PBXFileReference; lastKnownFileType = wrapper.framework; path = Chartboost.framework; sourceTree = "<group>"; };
		5489065E1F0708F5002E6E47 /* CoreMotion.framework */ = {isa = PBXFileReference; lastKnownFileType = wrapper.framework; name = CoreMotion.framework; path = System/Library/Frameworks/CoreMotion.framework; sourceTree = SDKROOT; };
		548906621F071FE8002E6E47 /* MSButtonNode.swift */ = {isa = PBXFileReference; fileEncoding = 4; lastKnownFileType = sourcecode.swift; path = MSButtonNode.swift; sourceTree = "<group>"; };
		549502FC1F3EBCD100702DD9 /* IAPHelper.swift */ = {isa = PBXFileReference; fileEncoding = 4; lastKnownFileType = sourcecode.swift; path = IAPHelper.swift; sourceTree = "<group>"; };
		549502FE1F3EBD0200702DD9 /* IAPProducts.swift */ = {isa = PBXFileReference; fileEncoding = 4; lastKnownFileType = sourcecode.swift; path = IAPProducts.swift; sourceTree = "<group>"; };
		549B46D01F103FEF001953FF /* Levels.swift */ = {isa = PBXFileReference; fileEncoding = 4; lastKnownFileType = sourcecode.swift; path = Levels.swift; sourceTree = "<group>"; };
		54A599C31F1E6E5B003C099F /* PauseDialog.sks */ = {isa = PBXFileReference; lastKnownFileType = file.sks; path = PauseDialog.sks; sourceTree = "<group>"; };
		54A599C51F1E85FA003C099F /* Level_3.sks */ = {isa = PBXFileReference; lastKnownFileType = file.sks; path = Level_3.sks; sourceTree = "<group>"; };
		54A599C71F1E89D8003C099F /* Level_4.sks */ = {isa = PBXFileReference; lastKnownFileType = file.sks; path = Level_4.sks; sourceTree = "<group>"; };
		54A599C91F1EC219003C099F /* Level_5.sks */ = {isa = PBXFileReference; lastKnownFileType = file.sks; path = Level_5.sks; sourceTree = "<group>"; };
		54D499D91F31AED10088888E /* PlayerTrail.sks */ = {isa = PBXFileReference; lastKnownFileType = file.sks; path = PlayerTrail.sks; sourceTree = "<group>"; };
		D9481F5B6064090340F373C4 /* Pods_Math_Tetris.framework */ = {isa = PBXFileReference; explicitFileType = wrapper.framework; includeInIndex = 0; path = Pods_Math_Tetris.framework; sourceTree = BUILT_PRODUCTS_DIR; };
/* End PBXFileReference section */

/* Begin PBXFrameworksBuildPhase section */
		546ABD2A1F06C820002F69A7 /* Frameworks */ = {
			isa = PBXFrameworksBuildPhase;
			buildActionMask = 2147483647;
			files = (
				5488B68B1F2BB7DC009550F5 /* Chartboost.framework in Frameworks */,
				5453C5D81F1D37F800EB0345 /* GameplayKit.framework in Frameworks */,
				5453C5D61F1D37E800EB0345 /* StoreKit.framework in Frameworks */,
				5453C5D41F1D37D300EB0345 /* Foundation.framework in Frameworks */,
				5453C5D21F1D37C600EB0345 /* CoreGraphics.framework in Frameworks */,
				5453C5D01F1D37BB00EB0345 /* UIKit.framework in Frameworks */,
				98C922CDCFCD6293EAE41313 /* Pods_Math_Tetris.framework in Frameworks */,
			);
			runOnlyForDeploymentPostprocessing = 0;
		};
/* End PBXFrameworksBuildPhase section */

/* Begin PBXGroup section */
		21D8F5AFE65F984F65F23A5E /* Pods */ = {
			isa = PBXGroup;
			children = (
				42CC53E84065CACF106EAF2C /* Pods-Math Tetris.debug.xcconfig */,
				3B788776B714121B49E2F33C /* Pods-Math Tetris.release.xcconfig */,
			);
			name = Pods;
			sourceTree = "<group>";
		};
		546ABD241F06C820002F69A7 = {
			isa = PBXGroup;
			children = (
				5488B6841F2BB5B1009550F5 /* GoogleService-Info.plist */,
				546ABD2F1F06C820002F69A7 /* Math Tetris */,
				546ABD2E1F06C820002F69A7 /* Products */,
				5489065D1F0708F5002E6E47 /* Frameworks */,
				21D8F5AFE65F984F65F23A5E /* Pods */,
				546ABD491F06C8FE002F69A7 /* Assets.xcassets */,
			);
			sourceTree = "<group>";
		};
		546ABD2E1F06C820002F69A7 /* Products */ = {
			isa = PBXGroup;
			children = (
				546ABD2D1F06C820002F69A7 /* Math Tetris.app */,
			);
			name = Products;
			sourceTree = "<group>";
		};
		546ABD2F1F06C820002F69A7 /* Math Tetris */ = {
			isa = PBXGroup;
			children = (
				5453C5DA1F1D3E7A00EB0345 /* Math_Tetris-Bridging-Header.h */,
				547D629E1F10287C001CECE1 /* MainMenu.sks */,
				541383801F103919005D982C /* Levels.sks */,
				546ABD321F06C820002F69A7 /* Level_0.sks */,
				547D629C1F0FF9A9001CECE1 /* Level_1.sks */,
				546AD1411F0EA5B600C33600 /* Level_2.sks */,
				54A599C51F1E85FA003C099F /* Level_3.sks */,
				54A599C71F1E89D8003C099F /* Level_4.sks */,
				54A599C91F1EC219003C099F /* Level_5.sks */,
				5423459A1F1FFD6800E5FE37 /* Level_6.sks */,
				547DA3541F2AAA6A00F1178C /* Level_7.sks */,
				5402857A1F295E7E000DBE0E /* Level_8.sks */,
				547DA3501F2A885F00F1178C /* Level_9.sks */,
				547DA3521F2A898900F1178C /* Level_10.sks */,
				5402857C1F2A7E26000DBE0E /* Level_11.sks */,
				546868DE1F0D49E000565334 /* Circle.sks */,
				546AD13F1F0E998200C33600 /* Obstacle.sks */,
				546AD13B1F0DAEC800C33600 /* Star.sks */,
				546AD1431F0EA69F00C33600 /* Key.sks */,
				54A599C31F1E6E5B003C099F /* PauseDialog.sks */,
				546868E21F0D864600565334 /* EndDialog.sks */,
				5409A9E21F280788005E613A /* WatchAddDialog.sks */,
				548292801F4161DA00857006 /* Tutorial.sks */,
				546868DC1F0AAC6F00565334 /* Exit.sks */,
				546ABD361F06C820002F69A7 /* GameScene.swift */,
				549B46D01F103FEF001953FF /* Levels.swift */,
				549502FC1F3EBCD100702DD9 /* IAPHelper.swift */,
				549502FE1F3EBD0200702DD9 /* IAPProducts.swift */,
				541383821F103A4B005D982C /* MainMenu.swift */,
				5413837E1F10333B005D982C /* Level.swift */,
				54D499D91F31AED10088888E /* PlayerTrail.sks */,
				542344941F16CD7800AD1B08 /* TimerModel.swift */,
				546ABD381F06C820002F69A7 /* GameViewController.swift */,
				546ABD301F06C820002F69A7 /* AppDelegate.swift */,
				548906621F071FE8002E6E47 /* MSButtonNode.swift */,
				546ABD3D1F06C820002F69A7 /* Assets.xcassets */,
				543577E51F2698B500B7D952 /* blitzkrieg-nf.regular.ttf */,
				546ABD3A1F06C820002F69A7 /* Main.storyboard */,
				546ABD3F1F06C820002F69A7 /* LaunchScreen.storyboard */,
				546ABD421F06C820002F69A7 /* Info.plist */,
			);
			path = "Math Tetris";
			sourceTree = "<group>";
		};
		5489065D1F0708F5002E6E47 /* Frameworks */ = {
			isa = PBXGroup;
			children = (
				5488B68A1F2BB7DC009550F5 /* Chartboost.framework */,
				5453C5D71F1D37F800EB0345 /* GameplayKit.framework */,
				5453C5D51F1D37E800EB0345 /* StoreKit.framework */,
				5453C5D31F1D37D300EB0345 /* Foundation.framework */,
				5453C5D11F1D37C600EB0345 /* CoreGraphics.framework */,
				5453C5CF1F1D37BB00EB0345 /* UIKit.framework */,
				5489065E1F0708F5002E6E47 /* CoreMotion.framework */,
				D9481F5B6064090340F373C4 /* Pods_Math_Tetris.framework */,
			);
			name = Frameworks;
			sourceTree = "<group>";
		};
/* End PBXGroup section */

/* Begin PBXNativeTarget section */
		546ABD2C1F06C820002F69A7 /* Math Tetris */ = {
			isa = PBXNativeTarget;
			buildConfigurationList = 546ABD451F06C820002F69A7 /* Build configuration list for PBXNativeTarget "Math Tetris" */;
			buildPhases = (
				8ADC2EB99EAFED8472977CC5 /* [CP] Check Pods Manifest.lock */,
				546ABD291F06C820002F69A7 /* Sources */,
				546ABD2A1F06C820002F69A7 /* Frameworks */,
				546ABD2B1F06C820002F69A7 /* Resources */,
				9395F76A4A4FCFFD74C575C7 /* [CP] Embed Pods Frameworks */,
				42E85CB4AA29CD894C677C54 /* [CP] Copy Pods Resources */,
			);
			buildRules = (
			);
			dependencies = (
			);
			name = "Math Tetris";
			productName = "Math Tetris";
			productReference = 546ABD2D1F06C820002F69A7 /* Math Tetris.app */;
			productType = "com.apple.product-type.application";
		};
/* End PBXNativeTarget section */

/* Begin PBXProject section */
		546ABD251F06C820002F69A7 /* Project object */ = {
			isa = PBXProject;
			attributes = {
				LastSwiftUpdateCheck = 0830;
				LastUpgradeCheck = 0830;
				ORGANIZATIONNAME = Strixit;
				TargetAttributes = {
					546ABD2C1F06C820002F69A7 = {
						CreatedOnToolsVersion = 8.3.2;
						DevelopmentTeam = E7MV6QNGNP;
						ProvisioningStyle = Automatic;
					};
				};
			};
			buildConfigurationList = 546ABD281F06C820002F69A7 /* Build configuration list for PBXProject "Math Tetris" */;
			compatibilityVersion = "Xcode 3.2";
			developmentRegion = English;
			hasScannedForEncodings = 0;
			knownRegions = (
				en,
				Base,
			);
			mainGroup = 546ABD241F06C820002F69A7;
			productRefGroup = 546ABD2E1F06C820002F69A7 /* Products */;
			projectDirPath = "";
			projectRoot = "";
			targets = (
				546ABD2C1F06C820002F69A7 /* Math Tetris */,
			);
		};
/* End PBXProject section */

/* Begin PBXResourcesBuildPhase section */
		546ABD2B1F06C820002F69A7 /* Resources */ = {
			isa = PBXResourcesBuildPhase;
			buildActionMask = 2147483647;
			files = (
				546AD1401F0E998200C33600 /* Obstacle.sks in Resources */,
				547DA3551F2AAA6A00F1178C /* Level_7.sks in Resources */,
				5409A9E31F280788005E613A /* WatchAddDialog.sks in Resources */,
				546868DF1F0D49E000565334 /* Circle.sks in Resources */,
				547DA3531F2A898900F1178C /* Level_10.sks in Resources */,
				5402857B1F295E7E000DBE0E /* Level_8.sks in Resources */,
				54A599CA1F1EC219003C099F /* Level_5.sks in Resources */,
				546868E31F0D864600565334 /* EndDialog.sks in Resources */,
				546AD1441F0EA69F00C33600 /* Key.sks in Resources */,
				546ABD3C1F06C820002F69A7 /* Main.storyboard in Resources */,
				547D629F1F10287C001CECE1 /* MainMenu.sks in Resources */,
				54D499DA1F31AED10088888E /* PlayerTrail.sks in Resources */,
				5402857D1F2A7E26000DBE0E /* Level_11.sks in Resources */,
				546ABD331F06C820002F69A7 /* Level_0.sks in Resources */,
				5488B6851F2BB5B1009550F5 /* GoogleService-Info.plist in Resources */,
				548292811F4161DA00857006 /* Tutorial.sks in Resources */,
				546ABD3E1F06C820002F69A7 /* Assets.xcassets in Resources */,
				546868DD1F0AAC6F00565334 /* Exit.sks in Resources */,
				54A599C81F1E89D8003C099F /* Level_4.sks in Resources */,
				5423459B1F1FFD6800E5FE37 /* Level_6.sks in Resources */,
				546AD13C1F0DAEC800C33600 /* Star.sks in Resources */,
				546ABD4B1F06C8FE002F69A7 /* Assets.xcassets in Resources */,
				546ABD411F06C820002F69A7 /* LaunchScreen.storyboard in Resources */,
				547DA3511F2A885F00F1178C /* Level_9.sks in Resources */,
				54A599C41F1E6E5B003C099F /* PauseDialog.sks in Resources */,
				54A599C61F1E85FA003C099F /* Level_3.sks in Resources */,
				543577EF1F269A8600B7D952 /* blitzkrieg-nf.regular.ttf in Resources */,
				546AD1421F0EA5B600C33600 /* Level_2.sks in Resources */,
				547D629D1F0FF9A9001CECE1 /* Level_1.sks in Resources */,
				541383811F103919005D982C /* Levels.sks in Resources */,
			);
			runOnlyForDeploymentPostprocessing = 0;
		};
/* End PBXResourcesBuildPhase section */

/* Begin PBXShellScriptBuildPhase section */
		42E85CB4AA29CD894C677C54 /* [CP] Copy Pods Resources */ = {
			isa = PBXShellScriptBuildPhase;
			buildActionMask = 2147483647;
			files = (
			);
			inputPaths = (
			);
			name = "[CP] Copy Pods Resources";
			outputPaths = (
			);
			runOnlyForDeploymentPostprocessing = 0;
			shellPath = /bin/sh;
			shellScript = "\"${SRCROOT}/Pods/Target Support Files/Pods-Math Tetris/Pods-Math Tetris-resources.sh\"\n";
			showEnvVarsInLog = 0;
		};
		8ADC2EB99EAFED8472977CC5 /* [CP] Check Pods Manifest.lock */ = {
			isa = PBXShellScriptBuildPhase;
			buildActionMask = 2147483647;
			files = (
			);
			inputPaths = (
			);
			name = "[CP] Check Pods Manifest.lock";
			outputPaths = (
			);
			runOnlyForDeploymentPostprocessing = 0;
			shellPath = /bin/sh;
			shellScript = "diff \"${PODS_PODFILE_DIR_PATH}/Podfile.lock\" \"${PODS_ROOT}/Manifest.lock\" > /dev/null\nif [ $? != 0 ] ; then\n    # print error to STDERR\n    echo \"error: The sandbox is not in sync with the Podfile.lock. Run 'pod install' or update your CocoaPods installation.\" >&2\n    exit 1\nfi\n";
			showEnvVarsInLog = 0;
		};
		9395F76A4A4FCFFD74C575C7 /* [CP] Embed Pods Frameworks */ = {
			isa = PBXShellScriptBuildPhase;
			buildActionMask = 2147483647;
			files = (
			);
			inputPaths = (
			);
			name = "[CP] Embed Pods Frameworks";
			outputPaths = (
			);
			runOnlyForDeploymentPostprocessing = 0;
			shellPath = /bin/sh;
			shellScript = "\"${SRCROOT}/Pods/Target Support Files/Pods-Math Tetris/Pods-Math Tetris-frameworks.sh\"\n";
			showEnvVarsInLog = 0;
		};
/* End PBXShellScriptBuildPhase section */

/* Begin PBXSourcesBuildPhase section */
		546ABD291F06C820002F69A7 /* Sources */ = {
			isa = PBXSourcesBuildPhase;
			buildActionMask = 2147483647;
			files = (
				546ABD371F06C820002F69A7 /* GameScene.swift in Sources */,
				549B46D11F103FEF001953FF /* Levels.swift in Sources */,
				541383831F103A4B005D982C /* MainMenu.swift in Sources */,
				546ABD391F06C820002F69A7 /* GameViewController.swift in Sources */,
				549502FF1F3EBD0200702DD9 /* IAPProducts.swift in Sources */,
				549502FD1F3EBCD100702DD9 /* IAPHelper.swift in Sources */,
				546ABD311F06C820002F69A7 /* AppDelegate.swift in Sources */,
				542344951F16CD7800AD1B08 /* TimerModel.swift in Sources */,
				5413837F1F10333B005D982C /* Level.swift in Sources */,
				548906631F071FE8002E6E47 /* MSButtonNode.swift in Sources */,
			);
			runOnlyForDeploymentPostprocessing = 0;
		};
/* End PBXSourcesBuildPhase section */

/* Begin PBXVariantGroup section */
		546ABD3A1F06C820002F69A7 /* Main.storyboard */ = {
			isa = PBXVariantGroup;
			children = (
				546ABD3B1F06C820002F69A7 /* Base */,
			);
			name = Main.storyboard;
			sourceTree = "<group>";
		};
		546ABD3F1F06C820002F69A7 /* LaunchScreen.storyboard */ = {
			isa = PBXVariantGroup;
			children = (
				546ABD401F06C820002F69A7 /* Base */,
			);
			name = LaunchScreen.storyboard;
			sourceTree = "<group>";
		};
/* End PBXVariantGroup section */

/* Begin XCBuildConfiguration section */
		546ABD431F06C820002F69A7 /* Debug */ = {
			isa = XCBuildConfiguration;
			buildSettings = {
				ALWAYS_SEARCH_USER_PATHS = NO;
				CLANG_ANALYZER_NONNULL = YES;
				CLANG_ANALYZER_NUMBER_OBJECT_CONVERSION = YES_AGGRESSIVE;
				CLANG_CXX_LANGUAGE_STANDARD = "gnu++0x";
				CLANG_CXX_LIBRARY = "libc++";
				CLANG_ENABLE_MODULES = YES;
				CLANG_ENABLE_OBJC_ARC = YES;
				CLANG_WARN_BOOL_CONVERSION = YES;
				CLANG_WARN_CONSTANT_CONVERSION = YES;
				CLANG_WARN_DIRECT_OBJC_ISA_USAGE = YES_ERROR;
				CLANG_WARN_DOCUMENTATION_COMMENTS = YES;
				CLANG_WARN_EMPTY_BODY = YES;
				CLANG_WARN_ENUM_CONVERSION = YES;
				CLANG_WARN_INFINITE_RECURSION = YES;
				CLANG_WARN_INT_CONVERSION = YES;
				CLANG_WARN_OBJC_ROOT_CLASS = YES_ERROR;
				CLANG_WARN_SUSPICIOUS_MOVE = YES;
				CLANG_WARN_UNREACHABLE_CODE = YES;
				CLANG_WARN__DUPLICATE_METHOD_MATCH = YES;
				"CODE_SIGN_IDENTITY[sdk=iphoneos*]" = "iPhone Developer";
				COPY_PHASE_STRIP = NO;
				DEBUG_INFORMATION_FORMAT = dwarf;
				ENABLE_STRICT_OBJC_MSGSEND = YES;
				ENABLE_TESTABILITY = YES;
				GCC_C_LANGUAGE_STANDARD = gnu99;
				GCC_DYNAMIC_NO_PIC = NO;
				GCC_NO_COMMON_BLOCKS = YES;
				GCC_OPTIMIZATION_LEVEL = 0;
				GCC_PREPROCESSOR_DEFINITIONS = (
					"DEBUG=1",
					"$(inherited)",
				);
				GCC_WARN_64_TO_32_BIT_CONVERSION = YES;
				GCC_WARN_ABOUT_RETURN_TYPE = YES_ERROR;
				GCC_WARN_UNDECLARED_SELECTOR = YES;
				GCC_WARN_UNINITIALIZED_AUTOS = YES_AGGRESSIVE;
				GCC_WARN_UNUSED_FUNCTION = YES;
				GCC_WARN_UNUSED_VARIABLE = YES;
				IPHONEOS_DEPLOYMENT_TARGET = 10.3;
				MTL_ENABLE_DEBUG_INFO = YES;
				ONLY_ACTIVE_ARCH = YES;
				SDKROOT = iphoneos;
				SWIFT_ACTIVE_COMPILATION_CONDITIONS = DEBUG;
				SWIFT_OPTIMIZATION_LEVEL = "-Onone";
				SWIFT_VERSION = "";
			};
			name = Debug;
		};
		546ABD441F06C820002F69A7 /* Release */ = {
			isa = XCBuildConfiguration;
			buildSettings = {
				ALWAYS_SEARCH_USER_PATHS = NO;
				CLANG_ANALYZER_NONNULL = YES;
				CLANG_ANALYZER_NUMBER_OBJECT_CONVERSION = YES_AGGRESSIVE;
				CLANG_CXX_LANGUAGE_STANDARD = "gnu++0x";
				CLANG_CXX_LIBRARY = "libc++";
				CLANG_ENABLE_MODULES = YES;
				CLANG_ENABLE_OBJC_ARC = YES;
				CLANG_WARN_BOOL_CONVERSION = YES;
				CLANG_WARN_CONSTANT_CONVERSION = YES;
				CLANG_WARN_DIRECT_OBJC_ISA_USAGE = YES_ERROR;
				CLANG_WARN_DOCUMENTATION_COMMENTS = YES;
				CLANG_WARN_EMPTY_BODY = YES;
				CLANG_WARN_ENUM_CONVERSION = YES;
				CLANG_WARN_INFINITE_RECURSION = YES;
				CLANG_WARN_INT_CONVERSION = YES;
				CLANG_WARN_OBJC_ROOT_CLASS = YES_ERROR;
				CLANG_WARN_SUSPICIOUS_MOVE = YES;
				CLANG_WARN_UNREACHABLE_CODE = YES;
				CLANG_WARN__DUPLICATE_METHOD_MATCH = YES;
				"CODE_SIGN_IDENTITY[sdk=iphoneos*]" = "iPhone Developer";
				COPY_PHASE_STRIP = NO;
				DEBUG_INFORMATION_FORMAT = "dwarf-with-dsym";
				ENABLE_NS_ASSERTIONS = NO;
				ENABLE_STRICT_OBJC_MSGSEND = YES;
				GCC_C_LANGUAGE_STANDARD = gnu99;
				GCC_NO_COMMON_BLOCKS = YES;
				GCC_WARN_64_TO_32_BIT_CONVERSION = YES;
				GCC_WARN_ABOUT_RETURN_TYPE = YES_ERROR;
				GCC_WARN_UNDECLARED_SELECTOR = YES;
				GCC_WARN_UNINITIALIZED_AUTOS = YES_AGGRESSIVE;
				GCC_WARN_UNUSED_FUNCTION = YES;
				GCC_WARN_UNUSED_VARIABLE = YES;
				IPHONEOS_DEPLOYMENT_TARGET = 10.3;
				MTL_ENABLE_DEBUG_INFO = NO;
				SDKROOT = iphoneos;
				SWIFT_OPTIMIZATION_LEVEL = "-Owholemodule";
				SWIFT_VERSION = "";
				VALIDATE_PRODUCT = YES;
			};
			name = Release;
		};
		546ABD461F06C820002F69A7 /* Debug */ = {
			isa = XCBuildConfiguration;
			baseConfigurationReference = 42CC53E84065CACF106EAF2C /* Pods-Math Tetris.debug.xcconfig */;
			buildSettings = {
				ASSETCATALOG_COMPILER_APPICON_NAME = AppIcon;
				ASSETCATALOG_COMPILER_LAUNCHIMAGE_NAME = LaunchImage;
				DEVELOPMENT_TEAM = E7MV6QNGNP;
				FRAMEWORK_SEARCH_PATHS = (
					"$(inherited)",
					"$(PROJECT_DIR)",
				);
				INFOPLIST_FILE = "Math Tetris/Info.plist";
				IPHONEOS_DEPLOYMENT_TARGET = 9.0;
				LD_RUNPATH_SEARCH_PATHS = "$(inherited) @executable_path/Frameworks";
				NEW_SETTING = "";
				PRODUCT_BUNDLE_IDENTIFIER = com.strixit.RoundTheWorld;
				PRODUCT_NAME = "$(TARGET_NAME)";
				SWIFT_DISABLE_SAFETY_CHECKS = NO;
				"SWIFT_OBJC_BRIDGING_HEADER[arch=*]" = "Math_Tetris-Bridging-Header.h";
				SWIFT_OPTIMIZATION_LEVEL = "-Onone";
				SWIFT_VERSION = 3.0;
			};
			name = Debug;
		};
		546ABD471F06C820002F69A7 /* Release */ = {
			isa = XCBuildConfiguration;
			baseConfigurationReference = 3B788776B714121B49E2F33C /* Pods-Math Tetris.release.xcconfig */;
			buildSettings = {
				ASSETCATALOG_COMPILER_APPICON_NAME = AppIcon;
				ASSETCATALOG_COMPILER_LAUNCHIMAGE_NAME = LaunchImage;
				DEVELOPMENT_TEAM = E7MV6QNGNP;
				FRAMEWORK_SEARCH_PATHS = (
					"$(inherited)",
					"$(PROJECT_DIR)",
				);
				INFOPLIST_FILE = "Math Tetris/Info.plist";
				IPHONEOS_DEPLOYMENT_TARGET = 9.0;
				LD_RUNPATH_SEARCH_PATHS = "$(inherited) @executable_path/Frameworks";
				NEW_SETTING = "";
				PRODUCT_BUNDLE_IDENTIFIER = com.strixit.RoundTheWorld;
				PRODUCT_NAME = "$(TARGET_NAME)";
				SWIFT_DISABLE_SAFETY_CHECKS = NO;
				"SWIFT_OBJC_BRIDGING_HEADER[arch=*]" = "Math_Tetris-Bridging-Header.h";
				SWIFT_OPTIMIZATION_LEVEL = "-Onone";
				SWIFT_VERSION = 3.0;
			};
			name = Release;
		};
/* End XCBuildConfiguration section */

/* Begin XCConfigurationList section */
		546ABD281F06C820002F69A7 /* Build configuration list for PBXProject "Math Tetris" */ = {
			isa = XCConfigurationList;
			buildConfigurations = (
				546ABD431F06C820002F69A7 /* Debug */,
				546ABD441F06C820002F69A7 /* Release */,
			);
			defaultConfigurationIsVisible = 0;
			defaultConfigurationName = Release;
		};
		546ABD451F06C820002F69A7 /* Build configuration list for PBXNativeTarget "Math Tetris" */ = {
			isa = XCConfigurationList;
			buildConfigurations = (
				546ABD461F06C820002F69A7 /* Debug */,
				546ABD471F06C820002F69A7 /* Release */,
			);
			defaultConfigurationIsVisible = 0;
			defaultConfigurationName = Release;
		};
/* End XCConfigurationList section */
	};
	rootObject = 546ABD251F06C820002F69A7 /* Project object */;
}
